// !$*UTF8*$!
{
	archiveVersion = 1;
	classes = {
	};
	objectVersion = 50;
	objects = {

/* Begin PBXBuildFile section */
		A97DF91D26C3127B00657269 /* AppDelegate.swift in Sources */ = {isa = PBXBuildFile; fileRef = A97DF91C26C3127B00657269 /* AppDelegate.swift */; };
		A97DF91F26C3127B00657269 /* SceneDelegate.swift in Sources */ = {isa = PBXBuildFile; fileRef = A97DF91E26C3127B00657269 /* SceneDelegate.swift */; };
		A97DF92426C3127B00657269 /* Main.storyboard in Resources */ = {isa = PBXBuildFile; fileRef = A97DF92226C3127B00657269 /* Main.storyboard */; };
		A97DF92626C3127C00657269 /* Assets.xcassets in Resources */ = {isa = PBXBuildFile; fileRef = A97DF92526C3127C00657269 /* Assets.xcassets */; };
		A97DF92926C3127C00657269 /* LaunchScreen.storyboard in Resources */ = {isa = PBXBuildFile; fileRef = A97DF92726C3127C00657269 /* LaunchScreen.storyboard */; };
		A97EEC7926CBAC4C007A7981 /* DetailedPhotoItem.swift in Sources */ = {isa = PBXBuildFile; fileRef = A97EEC7726CBAC4C007A7981 /* DetailedPhotoItem.swift */; };
		A97EEC7A26CBAC4C007A7981 /* DetailedPhotoItem.xib in Resources */ = {isa = PBXBuildFile; fileRef = A97EEC7826CBAC4C007A7981 /* DetailedPhotoItem.xib */; };
		A97EEC7C26CBAE95007A7981 /* DetailedPhotoViewController.swift in Sources */ = {isa = PBXBuildFile; fileRef = A97EEC7B26CBAE95007A7981 /* DetailedPhotoViewController.swift */; };
		A9DBC2B226C436C600A8D8FB /* PhotoLibraryViewController.swift in Sources */ = {isa = PBXBuildFile; fileRef = A9DBC2B126C436C600A8D8FB /* PhotoLibraryViewController.swift */; };
		A9DBC2B626C4373C00A8D8FB /* PhotoLibraryItem.swift in Sources */ = {isa = PBXBuildFile; fileRef = A9DBC2B426C4373C00A8D8FB /* PhotoLibraryItem.swift */; };
		A9DBC2B726C4373C00A8D8FB /* PhotoLibraryItem.xib in Resources */ = {isa = PBXBuildFile; fileRef = A9DBC2B526C4373C00A8D8FB /* PhotoLibraryItem.xib */; };
		A9DBC2B926C4397000A8D8FB /* RedditController.swift in Sources */ = {isa = PBXBuildFile; fileRef = A9DBC2B826C4397000A8D8FB /* RedditController.swift */; };
		A9DBC2BB26C439C700A8D8FB /* Post.swift in Sources */ = {isa = PBXBuildFile; fileRef = A9DBC2BA26C439C700A8D8FB /* Post.swift */; };
/* End PBXBuildFile section */

/* Begin PBXFileReference section */
		A97DF91926C3127B00657269 /* IQUII.app */ = {isa = PBXFileReference; explicitFileType = wrapper.application; includeInIndex = 0; path = IQUII.app; sourceTree = BUILT_PRODUCTS_DIR; };
		A97DF91C26C3127B00657269 /* AppDelegate.swift */ = {isa = PBXFileReference; lastKnownFileType = sourcecode.swift; path = AppDelegate.swift; sourceTree = "<group>"; };
		A97DF91E26C3127B00657269 /* SceneDelegate.swift */ = {isa = PBXFileReference; lastKnownFileType = sourcecode.swift; path = SceneDelegate.swift; sourceTree = "<group>"; };
		A97DF92326C3127B00657269 /* Base */ = {isa = PBXFileReference; lastKnownFileType = file.storyboard; name = Base; path = Base.lproj/Main.storyboard; sourceTree = "<group>"; };
		A97DF92526C3127C00657269 /* Assets.xcassets */ = {isa = PBXFileReference; lastKnownFileType = folder.assetcatalog; path = Assets.xcassets; sourceTree = "<group>"; };
		A97DF92826C3127C00657269 /* Base */ = {isa = PBXFileReference; lastKnownFileType = file.storyboard; name = Base; path = Base.lproj/LaunchScreen.storyboard; sourceTree = "<group>"; };
		A97DF92A26C3127C00657269 /* Info.plist */ = {isa = PBXFileReference; lastKnownFileType = text.plist.xml; path = Info.plist; sourceTree = "<group>"; };
		A97EEC7726CBAC4C007A7981 /* DetailedPhotoItem.swift */ = {isa = PBXFileReference; lastKnownFileType = sourcecode.swift; path = DetailedPhotoItem.swift; sourceTree = "<group>"; };
		A97EEC7826CBAC4C007A7981 /* DetailedPhotoItem.xib */ = {isa = PBXFileReference; lastKnownFileType = file.xib; path = DetailedPhotoItem.xib; sourceTree = "<group>"; };
		A97EEC7B26CBAE95007A7981 /* DetailedPhotoViewController.swift */ = {isa = PBXFileReference; lastKnownFileType = sourcecode.swift; path = DetailedPhotoViewController.swift; sourceTree = "<group>"; };
		A9DBC2B126C436C600A8D8FB /* PhotoLibraryViewController.swift */ = {isa = PBXFileReference; lastKnownFileType = sourcecode.swift; path = PhotoLibraryViewController.swift; sourceTree = "<group>"; };
		A9DBC2B426C4373C00A8D8FB /* PhotoLibraryItem.swift */ = {isa = PBXFileReference; lastKnownFileType = sourcecode.swift; path = PhotoLibraryItem.swift; sourceTree = "<group>"; };
		A9DBC2B526C4373C00A8D8FB /* PhotoLibraryItem.xib */ = {isa = PBXFileReference; lastKnownFileType = file.xib; path = PhotoLibraryItem.xib; sourceTree = "<group>"; };
		A9DBC2B826C4397000A8D8FB /* RedditController.swift */ = {isa = PBXFileReference; lastKnownFileType = sourcecode.swift; path = RedditController.swift; sourceTree = "<group>"; };
		A9DBC2BA26C439C700A8D8FB /* Post.swift */ = {isa = PBXFileReference; lastKnownFileType = sourcecode.swift; path = Post.swift; sourceTree = "<group>"; };
/* End PBXFileReference section */

/* Begin PBXFrameworksBuildPhase section */
		A97DF91626C3127B00657269 /* Frameworks */ = {
			isa = PBXFrameworksBuildPhase;
			buildActionMask = 2147483647;
			files = (
			);
			runOnlyForDeploymentPostprocessing = 0;
		};
/* End PBXFrameworksBuildPhase section */

/* Begin PBXGroup section */
		A97DF91026C3127B00657269 = {
			isa = PBXGroup;
			children = (
				A97DF91B26C3127B00657269 /* IQUII */,
				A97DF91A26C3127B00657269 /* Products */,
			);
			sourceTree = "<group>";
		};
		A97DF91A26C3127B00657269 /* Products */ = {
			isa = PBXGroup;
			children = (
				A97DF91926C3127B00657269 /* IQUII.app */,
			);
			name = Products;
			sourceTree = "<group>";
		};
		A97DF91B26C3127B00657269 /* IQUII */ = {
			isa = PBXGroup;
			children = (
				A9DBC2AB26C433A100A8D8FB /* Extensions */,
				A9DBC2AD26C433B200A8D8FB /* Models */,
				A9DBC2AC26C433AD00A8D8FB /* Controllers */,
				A9DBC2AE26C433B700A8D8FB /* Views */,
				A9DBC2AF26C433BF00A8D8FB /* Resources */,
				A9DBC2B026C433C300A8D8FB /* Other */,
			);
			path = IQUII;
			sourceTree = "<group>";
		};
		A97EEC7626CBAC31007A7981 /* DetailedPhotoItem */ = {
			isa = PBXGroup;
			children = (
				A97EEC7726CBAC4C007A7981 /* DetailedPhotoItem.swift */,
				A97EEC7826CBAC4C007A7981 /* DetailedPhotoItem.xib */,
			);
			path = DetailedPhotoItem;
			sourceTree = "<group>";
		};
		A9DBC2AB26C433A100A8D8FB /* Extensions */ = {
			isa = PBXGroup;
			children = (
			);
			path = Extensions;
			sourceTree = "<group>";
		};
		A9DBC2AC26C433AD00A8D8FB /* Controllers */ = {
			isa = PBXGroup;
			children = (
				A9DBC2B126C436C600A8D8FB /* PhotoLibraryViewController.swift */,
				A9DBC2B826C4397000A8D8FB /* RedditController.swift */,
				A97EEC7B26CBAE95007A7981 /* DetailedPhotoViewController.swift */,
			);
			path = Controllers;
			sourceTree = "<group>";
		};
		A9DBC2AD26C433B200A8D8FB /* Models */ = {
			isa = PBXGroup;
			children = (
				A9DBC2BA26C439C700A8D8FB /* Post.swift */,
			);
			path = Models;
			sourceTree = "<group>";
		};
		A9DBC2AE26C433B700A8D8FB /* Views */ = {
			isa = PBXGroup;
			children = (
				A97EEC7626CBAC31007A7981 /* DetailedPhotoItem */,
				A9DBC2B326C4371A00A8D8FB /* PhotoLibraryItem */,
			);
			path = Views;
			sourceTree = "<group>";
		};
		A9DBC2AF26C433BF00A8D8FB /* Resources */ = {
			isa = PBXGroup;
			children = (
				A97DF92226C3127B00657269 /* Main.storyboard */,
				A97DF92726C3127C00657269 /* LaunchScreen.storyboard */,
				A97DF92526C3127C00657269 /* Assets.xcassets */,
			);
			path = Resources;
			sourceTree = "<group>";
		};
		A9DBC2B026C433C300A8D8FB /* Other */ = {
			isa = PBXGroup;
			children = (
				A97DF91C26C3127B00657269 /* AppDelegate.swift */,
				A97DF91E26C3127B00657269 /* SceneDelegate.swift */,
				A97DF92A26C3127C00657269 /* Info.plist */,
			);
			path = Other;
			sourceTree = "<group>";
		};
		A9DBC2B326C4371A00A8D8FB /* PhotoLibraryItem */ = {
			isa = PBXGroup;
			children = (
				A9DBC2B426C4373C00A8D8FB /* PhotoLibraryItem.swift */,
				A9DBC2B526C4373C00A8D8FB /* PhotoLibraryItem.xib */,
			);
			path = PhotoLibraryItem;
			sourceTree = "<group>";
		};
/* End PBXGroup section */

/* Begin PBXNativeTarget section */
		A97DF91826C3127B00657269 /* IQUII */ = {
			isa = PBXNativeTarget;
			buildConfigurationList = A97DF92D26C3127C00657269 /* Build configuration list for PBXNativeTarget "IQUII" */;
			buildPhases = (
				A97DF91526C3127B00657269 /* Sources */,
				A97DF91626C3127B00657269 /* Frameworks */,
				A97DF91726C3127B00657269 /* Resources */,
			);
			buildRules = (
			);
			dependencies = (
			);
			name = IQUII;
			productName = IQUII;
			productReference = A97DF91926C3127B00657269 /* IQUII.app */;
			productType = "com.apple.product-type.application";
		};
/* End PBXNativeTarget section */

/* Begin PBXProject section */
		A97DF91126C3127B00657269 /* Project object */ = {
			isa = PBXProject;
			attributes = {
				LastSwiftUpdateCheck = 1140;
				LastUpgradeCheck = 1140;
				ORGANIZATIONNAME = "Marco Pilloni";
				TargetAttributes = {
					A97DF91826C3127B00657269 = {
						CreatedOnToolsVersion = 11.4;
					};
				};
			};
			buildConfigurationList = A97DF91426C3127B00657269 /* Build configuration list for PBXProject "IQUII" */;
			compatibilityVersion = "Xcode 9.3";
			developmentRegion = en;
			hasScannedForEncodings = 0;
			knownRegions = (
				en,
				Base,
			);
			mainGroup = A97DF91026C3127B00657269;
			productRefGroup = A97DF91A26C3127B00657269 /* Products */;
			projectDirPath = "";
			projectRoot = "";
			targets = (
				A97DF91826C3127B00657269 /* IQUII */,
			);
		};
/* End PBXProject section */

/* Begin PBXResourcesBuildPhase section */
		A97DF91726C3127B00657269 /* Resources */ = {
			isa = PBXResourcesBuildPhase;
			buildActionMask = 2147483647;
			files = (
				A97DF92926C3127C00657269 /* LaunchScreen.storyboard in Resources */,
				A97DF92626C3127C00657269 /* Assets.xcassets in Resources */,
				A97DF92426C3127B00657269 /* Main.storyboard in Resources */,
				A97EEC7A26CBAC4C007A7981 /* DetailedPhotoItem.xib in Resources */,
				A9DBC2B726C4373C00A8D8FB /* PhotoLibraryItem.xib in Resources */,
			);
			runOnlyForDeploymentPostprocessing = 0;
		};
/* End PBXResourcesBuildPhase section */

/* Begin PBXSourcesBuildPhase section */
		A97DF91526C3127B00657269 /* Sources */ = {
			isa = PBXSourcesBuildPhase;
			buildActionMask = 2147483647;
			files = (
				A97DF91D26C3127B00657269 /* AppDelegate.swift in Sources */,
				A97DF91F26C3127B00657269 /* SceneDelegate.swift in Sources */,
				A9DBC2B226C436C600A8D8FB /* PhotoLibraryViewController.swift in Sources */,
				A97EEC7C26CBAE95007A7981 /* DetailedPhotoViewController.swift in Sources */,
				A9DBC2BB26C439C700A8D8FB /* Post.swift in Sources */,
				A97EEC7926CBAC4C007A7981 /* DetailedPhotoItem.swift in Sources */,
				A9DBC2B626C4373C00A8D8FB /* PhotoLibraryItem.swift in Sources */,
				A9DBC2B926C4397000A8D8FB /* RedditController.swift in Sources */,
			);
			runOnlyForDeploymentPostprocessing = 0;
		};
/* End PBXSourcesBuildPhase section */

/* Begin PBXVariantGroup section */
		A97DF92226C3127B00657269 /* Main.storyboard */ = {
			isa = PBXVariantGroup;
			children = (
				A97DF92326C3127B00657269 /* Base */,
			);
			name = Main.storyboard;
			sourceTree = "<group>";
		};
		A97DF92726C3127C00657269 /* LaunchScreen.storyboard */ = {
			isa = PBXVariantGroup;
			children = (
				A97DF92826C3127C00657269 /* Base */,
			);
			name = LaunchScreen.storyboard;
			sourceTree = "<group>";
		};
/* End PBXVariantGroup section */

/* Begin XCBuildConfiguration section */
		A97DF92B26C3127C00657269 /* Debug */ = {
			isa = XCBuildConfiguration;
			buildSettings = {
				ALWAYS_SEARCH_USER_PATHS = NO;
				CLANG_ANALYZER_NONNULL = YES;
				CLANG_ANALYZER_NUMBER_OBJECT_CONVERSION = YES_AGGRESSIVE;
				CLANG_CXX_LANGUAGE_STANDARD = "gnu++14";
				CLANG_CXX_LIBRARY = "libc++";
				CLANG_ENABLE_MODULES = YES;
				CLANG_ENABLE_OBJC_ARC = YES;
				CLANG_ENABLE_OBJC_WEAK = YES;
				CLANG_WARN_BLOCK_CAPTURE_AUTORELEASING = YES;
				CLANG_WARN_BOOL_CONVERSION = YES;
				CLANG_WARN_COMMA = YES;
				CLANG_WARN_CONSTANT_CONVERSION = YES;
				CLANG_WARN_DEPRECATED_OBJC_IMPLEMENTATIONS = YES;
				CLANG_WARN_DIRECT_OBJC_ISA_USAGE = YES_ERROR;
				CLANG_WARN_DOCUMENTATION_COMMENTS = YES;
				CLANG_WARN_EMPTY_BODY = YES;
				CLANG_WARN_ENUM_CONVERSION = YES;
				CLANG_WARN_INFINITE_RECURSION = YES;
				CLANG_WARN_INT_CONVERSION = YES;
				CLANG_WARN_NON_LITERAL_NULL_CONVERSION = YES;
				CLANG_WARN_OBJC_IMPLICIT_RETAIN_SELF = YES;
				CLANG_WARN_OBJC_LITERAL_CONVERSION = YES;
				CLANG_WARN_OBJC_ROOT_CLASS = YES_ERROR;
				CLANG_WARN_RANGE_LOOP_ANALYSIS = YES;
				CLANG_WARN_STRICT_PROTOTYPES = YES;
				CLANG_WARN_SUSPICIOUS_MOVE = YES;
				CLANG_WARN_UNGUARDED_AVAILABILITY = YES_AGGRESSIVE;
				CLANG_WARN_UNREACHABLE_CODE = YES;
				CLANG_WARN__DUPLICATE_METHOD_MATCH = YES;
				COPY_PHASE_STRIP = NO;
				DEBUG_INFORMATION_FORMAT = dwarf;
				ENABLE_STRICT_OBJC_MSGSEND = YES;
				ENABLE_TESTABILITY = YES;
				GCC_C_LANGUAGE_STANDARD = gnu11;
				GCC_DYNAMIC_NO_PIC = NO;
				GCC_NO_COMMON_BLOCKS = YES;
				GCC_OPTIMIZATION_LEVEL = 0;
				GCC_PREPROCESSOR_DEFINITIONS = (
					"DEBUG=1",
					"$(inherited)",
				);
				GCC_WARN_64_TO_32_BIT_CONVERSION = YES;
				GCC_WARN_ABOUT_RETURN_TYPE = YES_ERROR;
				GCC_WARN_UNDECLARED_SELECTOR = YES;
				GCC_WARN_UNINITIALIZED_AUTOS = YES_AGGRESSIVE;
				GCC_WARN_UNUSED_FUNCTION = YES;
				GCC_WARN_UNUSED_VARIABLE = YES;
				IPHONEOS_DEPLOYMENT_TARGET = 13.4;
				MTL_ENABLE_DEBUG_INFO = INCLUDE_SOURCE;
				MTL_FAST_MATH = YES;
				ONLY_ACTIVE_ARCH = YES;
				SDKROOT = iphoneos;
				SWIFT_ACTIVE_COMPILATION_CONDITIONS = DEBUG;
				SWIFT_OPTIMIZATION_LEVEL = "-Onone";
			};
			name = Debug;
		};
		A97DF92C26C3127C00657269 /* Release */ = {
			isa = XCBuildConfiguration;
			buildSettings = {
				ALWAYS_SEARCH_USER_PATHS = NO;
				CLANG_ANALYZER_NONNULL = YES;
				CLANG_ANALYZER_NUMBER_OBJECT_CONVERSION = YES_AGGRESSIVE;
				CLANG_CXX_LANGUAGE_STANDARD = "gnu++14";
				CLANG_CXX_LIBRARY = "libc++";
				CLANG_ENABLE_MODULES = YES;
				CLANG_ENABLE_OBJC_ARC = YES;
				CLANG_ENABLE_OBJC_WEAK = YES;
				CLANG_WARN_BLOCK_CAPTURE_AUTORELEASING = YES;
				CLANG_WARN_BOOL_CONVERSION = YES;
				CLANG_WARN_COMMA = YES;
				CLANG_WARN_CONSTANT_CONVERSION = YES;
				CLANG_WARN_DEPRECATED_OBJC_IMPLEMENTATIONS = YES;
				CLANG_WARN_DIRECT_OBJC_ISA_USAGE = YES_ERROR;
				CLANG_WARN_DOCUMENTATION_COMMENTS = YES;
				CLANG_WARN_EMPTY_BODY = YES;
				CLANG_WARN_ENUM_CONVERSION = YES;
				CLANG_WARN_INFINITE_RECURSION = YES;
				CLANG_WARN_INT_CONVERSION = YES;
				CLANG_WARN_NON_LITERAL_NULL_CONVERSION = YES;
				CLANG_WARN_OBJC_IMPLICIT_RETAIN_SELF = YES;
				CLANG_WARN_OBJC_LITERAL_CONVERSION = YES;
				CLANG_WARN_OBJC_ROOT_CLASS = YES_ERROR;
				CLANG_WARN_RANGE_LOOP_ANALYSIS = YES;
				CLANG_WARN_STRICT_PROTOTYPES = YES;
				CLANG_WARN_SUSPICIOUS_MOVE = YES;
				CLANG_WARN_UNGUARDED_AVAILABILITY = YES_AGGRESSIVE;
				CLANG_WARN_UNREACHABLE_CODE = YES;
				CLANG_WARN__DUPLICATE_METHOD_MATCH = YES;
				COPY_PHASE_STRIP = NO;
				DEBUG_INFORMATION_FORMAT = "dwarf-with-dsym";
				ENABLE_NS_ASSERTIONS = NO;
				ENABLE_STRICT_OBJC_MSGSEND = YES;
				GCC_C_LANGUAGE_STANDARD = gnu11;
				GCC_NO_COMMON_BLOCKS = YES;
				GCC_WARN_64_TO_32_BIT_CONVERSION = YES;
				GCC_WARN_ABOUT_RETURN_TYPE = YES_ERROR;
				GCC_WARN_UNDECLARED_SELECTOR = YES;
				GCC_WARN_UNINITIALIZED_AUTOS = YES_AGGRESSIVE;
				GCC_WARN_UNUSED_FUNCTION = YES;
				GCC_WARN_UNUSED_VARIABLE = YES;
				IPHONEOS_DEPLOYMENT_TARGET = 13.4;
				MTL_ENABLE_DEBUG_INFO = NO;
				MTL_FAST_MATH = YES;
				SDKROOT = iphoneos;
				SWIFT_COMPILATION_MODE = wholemodule;
				SWIFT_OPTIMIZATION_LEVEL = "-O";
				VALIDATE_PRODUCT = YES;
			};
			name = Release;
		};
		A97DF92E26C3127C00657269 /* Debug */ = {
			isa = XCBuildConfiguration;
			buildSettings = {
				ASSETCATALOG_COMPILER_APPICON_NAME = AppIcon;
				CODE_SIGN_STYLE = Automatic;
				DEVELOPMENT_TEAM = 66TCNS43GR;
				INFOPLIST_FILE = "$(SRCROOT)/IQUII/Other/Info.plist";
				IPHONEOS_DEPLOYMENT_TARGET = 13.0;
				LD_RUNPATH_SEARCH_PATHS = (
					"$(inherited)",
					"@executable_path/Frameworks",
				);
				PRODUCT_BUNDLE_IDENTIFIER = com.marcopilloni.IQUII;
				PRODUCT_NAME = "$(TARGET_NAME)";
				SWIFT_VERSION = 5.0;
				TARGETED_DEVICE_FAMILY = "1,2";
			};
			name = Debug;
		};
		A97DF92F26C3127C00657269 /* Release */ = {
			isa = XCBuildConfiguration;
			buildSettings = {
				ASSETCATALOG_COMPILER_APPICON_NAME = AppIcon;
				CODE_SIGN_STYLE = Automatic;
				DEVELOPMENT_TEAM = 66TCNS43GR;
				INFOPLIST_FILE = "$(SRCROOT)/IQUII/Other/Info.plist";
				IPHONEOS_DEPLOYMENT_TARGET = 13.0;
				LD_RUNPATH_SEARCH_PATHS = (
					"$(inherited)",
					"@executable_path/Frameworks",
				);
				PRODUCT_BUNDLE_IDENTIFIER = com.marcopilloni.IQUII;
				PRODUCT_NAME = "$(TARGET_NAME)";
				SWIFT_VERSION = 5.0;
				TARGETED_DEVICE_FAMILY = "1,2";
			};
			name = Release;
		};
/* End XCBuildConfiguration section */

/* Begin XCConfigurationList section */
		A97DF91426C3127B00657269 /* Build configuration list for PBXProject "IQUII" */ = {
			isa = XCConfigurationList;
			buildConfigurations = (
				A97DF92B26C3127C00657269 /* Debug */,
				A97DF92C26C3127C00657269 /* Release */,
			);
			defaultConfigurationIsVisible = 0;
			defaultConfigurationName = Release;
		};
		A97DF92D26C3127C00657269 /* Build configuration list for PBXNativeTarget "IQUII" */ = {
			isa = XCConfigurationList;
			buildConfigurations = (
				A97DF92E26C3127C00657269 /* Debug */,
				A97DF92F26C3127C00657269 /* Release */,
			);
			defaultConfigurationIsVisible = 0;
			defaultConfigurationName = Release;
		};
/* End XCConfigurationList section */
	};
	rootObject = A97DF91126C3127B00657269 /* Project object */;
}
